
Microsoft Visual Studio Solution File, Format Version 12.00
# Visual Studio Version 16
VisualStudioVersion = 16.0.31605.320
MinimumVisualStudioVersion = 10.0.40219.1
Project("{FAE04EC0-301F-11D3-BF4B-00C04F79EFBC}") = "SGApp1", "SGApp1.csproj", "{BEE2712D-8C87-4237-8CBF-3CD3B6E701A7}"
EndProject
Global
	GlobalSection(SolutionConfigurationPlatforms) = preSolution
		Debug|Any CPU = Debug|Any CPU
		Release|Any CPU = Release|Any CPU
	EndGlobalSection
	GlobalSection(ProjectConfigurationPlatforms) = postSolution
		{BEE2712D-8C87-4237-8CBF-3CD3B6E701A7}.Debug|Any CPU.ActiveCfg = Debug|Any CPU
		{BEE2712D-8C87-4237-8CBF-3CD3B6E701A7}.Debug|Any CPU.Build.0 = Debug|Any CPU
		{BEE2712D-8C87-4237-8CBF-3CD3B6E701A7}.Release|Any CPU.ActiveCfg = Release|Any CPU
		{BEE2712D-8C87-4237-8CBF-3CD3B6E701A7}.Release|Any CPU.Build.0 = Release|Any CPU
	EndGlobalSection
	GlobalSection(SolutionProperties) = preSolution
		HideSolutionNode = FALSE
	EndGlobalSection
	GlobalSection(ExtensibilityGlobals) = postSolution
		SolutionGuid = {30596877-84BA-4916-AECD-2B20FADF47C4}
	EndGlobalSection
EndGlobal
